PODS:
  - flutter_smb (0.0.1):
    - FlutterMacOS
  - FlutterMacOS (1.0.0)

DEPENDENCIES:
  - flutter_smb (from `Flutter/ephemeral/.symlinks/plugins/flutter_smb/macos`)
  - FlutterMacOS (from `Flutter/ephemeral`)

EXTERNAL SOURCES:
  flutter_smb:
    :path: Flutter/ephemeral/.symlinks/plugins/flutter_smb/macos
  FlutterMacOS:
    :path: Flutter/ephemeral

SPEC CHECKSUMS:
  flutter_smb: 916b4a6d028fc67163f2f3258e0cbe5584a4957a
  FlutterMacOS: 8f6f14fa908a6fb3fba0cd85dbd81ec4b251fb24

PODFILE CHECKSUM: 236401fc2c932af29a9fcf0e97baeeb2d750d367

COCOAPODS: 1.14.3
